{
  "version": 4,
  "terraform_version": "0.14.8",
  "serial": 5,
  "lineage": "2b6290b2-32b2-b1f5-82c0-dfe910c3a7b2",
  "outputs": {},
  "resources": [
    {
      "module": "module.cobaia_server",
      "mode": "data",
      "type": "google_compute_image",
      "name": "cobaia_image",
      "provider": "provider[\"registry.terraform.io/hashicorp/google\"]",
      "instances": [
        {
          "schema_version": 0,
          "attributes": {
            "archive_size_bytes": 1782423552,
            "creation_timestamp": "2021-03-25T12:23:28.567-07:00",
            "description": "Canonical, Ubuntu, 20.04 LTS Minimal, amd64 focal minimal image built on 2021-03-25, supports Shielded VM features",
            "disk_size_gb": 10,
            "family": "ubuntu-minimal-2004-lts",
            "filter": null,
            "id": "projects/ubuntu-os-cloud/global/images/ubuntu-minimal-2004-focal-v20210325",
            "image_encryption_key_sha256": "",
            "image_id": "15085010678799839",
            "label_fingerprint": "42WmSpB8rSM=",
            "labels": {},
            "licenses": [
              "https://www.googleapis.com/compute/v1/projects/ubuntu-os-cloud/global/licenses/ubuntu-minimal-2004-lts"
            ],
            "name": "ubuntu-minimal-2004-focal-v20210325",
            "project": "ubuntu-os-cloud",
            "self_link": "https://www.googleapis.com/compute/v1/projects/ubuntu-os-cloud/global/images/ubuntu-minimal-2004-focal-v20210325",
            "source_disk": "",
            "source_disk_encryption_key_sha256": "",
            "source_disk_id": "",
            "source_image_id": "",
            "status": "READY"
          },
          "sensitive_attributes": []
        }
      ]
    },
    {
      "module": "module.cobaia_server",
      "mode": "data",
      "type": "template_file",
      "name": "user_data",
      "provider": "provider[\"registry.terraform.io/hashicorp/template\"]",
      "instances": [
        {
          "schema_version": 0,
          "attributes": {
            "filename": null,
            "id": "47adb142657e082c0ce666cb6cc106dd60bc271491c94074ef50c93b15040f2d",
            "rendered": "#!/bin/bash\n\n# Instalando os subsistemas\n",
            "template": "#!/bin/bash\n\n# Instalando os subsistemas\n",
            "vars": null
          },
          "sensitive_attributes": []
        }
      ]
    },
    {
      "module": "module.cobaia_server",
      "mode": "managed",
      "type": "google_compute_firewall",
      "name": "allow-cobaia",
      "provider": "provider[\"registry.terraform.io/hashicorp/google\"]",
      "instances": [
        {
          "schema_version": 1,
          "attributes": {
            "allow": [
              {
                "ports": [
                  "8080"
                ],
                "protocol": "tcp"
              }
            ],
            "creation_timestamp": "2021-04-06T18:42:18.517-07:00",
            "deny": [],
            "description": "",
            "destination_ranges": [],
            "direction": "INGRESS",
            "disabled": false,
            "enable_logging": null,
            "id": "projects/impacta-turma-4/global/firewalls/allow-cobaia-qa",
            "log_config": [],
            "name": "allow-cobaia-qa",
            "network": "https://www.googleapis.com/compute/v1/projects/impacta-turma-4/global/networks/default",
            "priority": 1000,
            "project": "impacta-turma-4",
            "self_link": "https://www.googleapis.com/compute/v1/projects/impacta-turma-4/global/firewalls/allow-cobaia-qa",
            "source_ranges": [
              "0.0.0.0/0"
            ],
            "source_service_accounts": null,
            "source_tags": null,
            "target_service_accounts": null,
            "target_tags": null,
            "timeouts": null
          },
          "sensitive_attributes": [],
          "private": "eyJlMmJmYjczMC1lY2FhLTExZTYtOGY4OC0zNDM2M2JjN2M0YzAiOnsiY3JlYXRlIjoyNDAwMDAwMDAwMDAsImRlbGV0ZSI6MjQwMDAwMDAwMDAwLCJ1cGRhdGUiOjI0MDAwMDAwMDAwMH0sInNjaGVtYV92ZXJzaW9uIjoiMSJ9"
        }
      ]
    },
    {
      "module": "module.cobaia_server",
      "mode": "managed",
      "type": "google_compute_instance",
      "name": "cobaia_instance",
      "provider": "provider[\"registry.terraform.io/hashicorp/google\"]",
      "instances": [
        {
          "schema_version": 6,
          "attributes": {
            "allow_stopping_for_update": null,
            "attached_disk": [],
            "boot_disk": [
              {
                "auto_delete": true,
                "device_name": "persistent-disk-0",
                "disk_encryption_key_raw": "",
                "disk_encryption_key_sha256": "",
                "initialize_params": [
                  {
                    "image": "https://www.googleapis.com/compute/v1/projects/ubuntu-os-cloud/global/images/ubuntu-minimal-2004-focal-v20210325",
                    "labels": {},
                    "size": 10,
                    "type": "pd-standard"
                  }
                ],
                "kms_key_self_link": "",
                "mode": "READ_WRITE",
                "source": "https://www.googleapis.com/compute/v1/projects/impacta-turma-4/zones/us-central1-a/disks/cobaia-qa"
              }
            ],
            "can_ip_forward": false,
            "confidential_instance_config": [],
            "cpu_platform": "Intel Haswell",
            "current_status": "RUNNING",
            "deletion_protection": false,
            "description": "",
            "desired_status": null,
            "enable_display": false,
            "guest_accelerator": [],
            "hostname": "cobaia.impacta.com.br",
            "id": "projects/impacta-turma-4/zones/us-central1-a/instances/cobaia-qa",
            "instance_id": "3428310218184897300",
            "label_fingerprint": "TctbHKt2m6w=",
            "labels": {
              "project": "iaac"
            },
            "machine_type": "e2-small",
            "metadata": {
              "ssh-keys": "ubuntu:ssh-rsa AAAAB3NzaC1yc2EAAAADAQABAAABgQC78HPenjKq47rXFmosDE6nbZNpbf55QQs6VS+PSjSGuftoGSArx3krFXpOEztPRyYWJmsurTKLilJ/U4D30AIVc183mk9IjR9563HUhK3EhY1FrOovTy2TKAzlYQx5Jnvlc1plOi5RmyAyQR1FvuWVhqfsiwu0j3qzSlRqnpeftN/hD59tOvd/oAcca4iQ79kvNxOOobxD1tfcon740/4+JaqKhyWkXfv4xZ+Yihro5cECqBE2LLVQDOejeTLDorRSzo6q8af8fi07Tq4ji+qhziWC8V/ZjuCfANSQBv20axRnfuPtgQERvrXWe9Js8Uilxd2n1utp94H7Bov1buV/k528XwXdB0ku/Ii/LjGTqCfN77dQJ+GPcqE7eWEpu8jCJ/XbQ8BacqNxx/EABAEpFT20+5S4uIcW22bqZrO3UuLeMVXUaeRFxKVSXrAbZCF6ASgKGIv+VWkN0jpevX7oemEr9mhHNOqJkaVm2XNvKbpaM01FOn2yyu9w0gyA/HM= vagrant@iaac-station\n"
            },
            "metadata_fingerprint": "pPburUJWGkQ=",
            "metadata_startup_script": "#!/bin/bash\n\n# Instalando os subsistemas\n",
            "min_cpu_platform": "",
            "name": "cobaia-qa",
            "network_interface": [
              {
                "access_config": [
                  {
                    "nat_ip": "104.154.233.149",
                    "network_tier": "PREMIUM",
                    "public_ptr_domain_name": ""
                  }
                ],
                "alias_ip_range": [],
                "name": "nic0",
                "network": "https://www.googleapis.com/compute/v1/projects/impacta-turma-4/global/networks/default",
                "network_ip": "10.128.0.29",
                "nic_type": "",
                "subnetwork": "https://www.googleapis.com/compute/v1/projects/impacta-turma-4/regions/us-central1/subnetworks/default",
                "subnetwork_project": "impacta-turma-4"
              }
            ],
            "project": "impacta-turma-4",
            "resource_policies": null,
            "scheduling": [
              {
                "automatic_restart": true,
                "min_node_cpus": 0,
                "node_affinities": [],
                "on_host_maintenance": "MIGRATE",
                "preemptible": false
              }
            ],
            "scratch_disk": [],
            "self_link": "https://www.googleapis.com/compute/v1/projects/impacta-turma-4/zones/us-central1-a/instances/cobaia-qa",
            "service_account": [],
            "shielded_instance_config": [
              {
                "enable_integrity_monitoring": true,
                "enable_secure_boot": false,
                "enable_vtpm": true
              }
            ],
            "tags": null,
            "tags_fingerprint": "42WmSpB8rSM=",
            "timeouts": null,
            "zone": "us-central1-a"
          },
          "sensitive_attributes": [],
          "private": "eyJlMmJmYjczMC1lY2FhLTExZTYtOGY4OC0zNDM2M2JjN2M0YzAiOnsiY3JlYXRlIjoxMjAwMDAwMDAwMDAwLCJkZWxldGUiOjEyMDAwMDAwMDAwMDAsInVwZGF0ZSI6MTIwMDAwMDAwMDAwMH0sInNjaGVtYV92ZXJzaW9uIjoiNiJ9",
          "dependencies": [
            "module.cobaia_server.data.google_compute_image.cobaia_image",
            "module.cobaia_server.data.template_file.user_data"
          ]
        }
      ]
    },
    {
      "module": "module.jenkins_server",
      "mode": "data",
      "type": "google_compute_image",
      "name": "jenkins_image",
      "provider": "provider[\"registry.terraform.io/hashicorp/google\"]",
      "instances": [
        {
          "schema_version": 0,
          "attributes": {
            "archive_size_bytes": 1782423552,
            "creation_timestamp": "2021-03-25T12:23:28.567-07:00",
            "description": "Canonical, Ubuntu, 20.04 LTS Minimal, amd64 focal minimal image built on 2021-03-25, supports Shielded VM features",
            "disk_size_gb": 10,
            "family": "ubuntu-minimal-2004-lts",
            "filter": null,
            "id": "projects/ubuntu-os-cloud/global/images/ubuntu-minimal-2004-focal-v20210325",
            "image_encryption_key_sha256": "",
            "image_id": "15085010678799839",
            "label_fingerprint": "42WmSpB8rSM=",
            "labels": {},
            "licenses": [
              "https://www.googleapis.com/compute/v1/projects/ubuntu-os-cloud/global/licenses/ubuntu-minimal-2004-lts"
            ],
            "name": "ubuntu-minimal-2004-focal-v20210325",
            "project": "ubuntu-os-cloud",
            "self_link": "https://www.googleapis.com/compute/v1/projects/ubuntu-os-cloud/global/images/ubuntu-minimal-2004-focal-v20210325",
            "source_disk": "",
            "source_disk_encryption_key_sha256": "",
            "source_disk_id": "",
            "source_image_id": "",
            "status": "READY"
          },
          "sensitive_attributes": []
        }
      ]
    },
    {
      "module": "module.jenkins_server",
      "mode": "data",
      "type": "template_file",
      "name": "user_data",
      "provider": "provider[\"registry.terraform.io/hashicorp/template\"]",
      "instances": [
        {
          "schema_version": 0,
          "attributes": {
            "filename": null,
            "id": "a1ccb1052ade801b0519d81a5af1765806b584caea25c8f894a642f5701bddb9",
            "rendered": "#!/bin/bash\n\n\n# Instalando os subsistemas\n\n# Instalando o Java\napt-get update\napt install openjdk-11-jdk -y\n\n# Instalando o jenkins\nwget -q -O - https://pkg.jenkins.io/debian-stable/jenkins.io.key | apt-key add -\nsh -c 'echo deb https://pkg.jenkins.io/debian-stable binary/ \u003e /etc/apt/sources.list.d/jenkins.list'\napt-get update\napt-get install jenkins -y\nsystemctl start jenkins\n\n# Instalação do git\napt install git git-flow -y\n\n# Ansible\napt install ansible sshpass -y\npip3 install requests google-auth\nansible-galaxy collection install community.docker\n\n# Terraform\ncurl -fsSL https://apt.releases.hashicorp.com/gpg | sudo apt-key add -\necho \"deb [arch=$(dpkg --print-architecture)] https://apt.releases.hashicorp.com $(lsb_release -cs) main\" | tee /etc/apt/sources.list.d/terraform.list\napt update \u0026\u0026 apt install terraform -y\n\n# Gcloud\napt install apt-transport-https ca-certificates gnupg -y\necho \"deb https://packages.cloud.google.com/apt cloud-sdk main\" | tee -a /etc/apt/sources.list.d/google-cloud-sdk.list\ncurl https://packages.cloud.google.com/apt/doc/apt-key.gpg | apt-key add -\napt update \u0026\u0026 apt-get install google-cloud-sdk -y\napt install google-cloud-sdk-app-engine-java -y\n\n# Ansible + GCP\napt install python3-pip -y\npython3 -m pip install requests google-auth\n\n# Instalacao Docker\napt install docker.io -y\nsystemctl start docker\nsystemctl enable docker\nusermod -aG docker jenkins\n",
            "template": "#!/bin/bash\n\n\n# Instalando os subsistemas\n\n# Instalando o Java\napt-get update\napt install openjdk-11-jdk -y\n\n# Instalando o jenkins\nwget -q -O - https://pkg.jenkins.io/debian-stable/jenkins.io.key | apt-key add -\nsh -c 'echo deb https://pkg.jenkins.io/debian-stable binary/ \u003e /etc/apt/sources.list.d/jenkins.list'\napt-get update\napt-get install jenkins -y\nsystemctl start jenkins\n\n# Instalação do git\napt install git git-flow -y\n\n# Ansible\napt install ansible sshpass -y\npip3 install requests google-auth\nansible-galaxy collection install community.docker\n\n# Terraform\ncurl -fsSL https://apt.releases.hashicorp.com/gpg | sudo apt-key add -\necho \"deb [arch=$(dpkg --print-architecture)] https://apt.releases.hashicorp.com $(lsb_release -cs) main\" | tee /etc/apt/sources.list.d/terraform.list\napt update \u0026\u0026 apt install terraform -y\n\n# Gcloud\napt install apt-transport-https ca-certificates gnupg -y\necho \"deb https://packages.cloud.google.com/apt cloud-sdk main\" | tee -a /etc/apt/sources.list.d/google-cloud-sdk.list\ncurl https://packages.cloud.google.com/apt/doc/apt-key.gpg | apt-key add -\napt update \u0026\u0026 apt-get install google-cloud-sdk -y\napt install google-cloud-sdk-app-engine-java -y\n\n# Ansible + GCP\napt install python3-pip -y\npython3 -m pip install requests google-auth\n\n# Instalacao Docker\napt install docker.io -y\nsystemctl start docker\nsystemctl enable docker\nusermod -aG docker jenkins\n",
            "vars": null
          },
          "sensitive_attributes": []
        }
      ]
    },
    {
      "module": "module.jenkins_server",
      "mode": "managed",
      "type": "google_compute_firewall",
      "name": "allow-jenkins",
      "provider": "provider[\"registry.terraform.io/hashicorp/google\"]",
      "instances": [
        {
          "schema_version": 1,
          "attributes": {
            "allow": [
              {
                "ports": [
                  "8080"
                ],
                "protocol": "tcp"
              }
            ],
            "creation_timestamp": "2021-04-06T18:42:18.514-07:00",
            "deny": [],
            "description": "",
            "destination_ranges": [],
            "direction": "INGRESS",
            "disabled": false,
            "enable_logging": null,
            "id": "projects/impacta-turma-4/global/firewalls/allow-jenkins-server-qa",
            "log_config": [],
            "name": "allow-jenkins-server-qa",
            "network": "https://www.googleapis.com/compute/v1/projects/impacta-turma-4/global/networks/default",
            "priority": 1000,
            "project": "impacta-turma-4",
            "self_link": "https://www.googleapis.com/compute/v1/projects/impacta-turma-4/global/firewalls/allow-jenkins-server-qa",
            "source_ranges": [
              "0.0.0.0/0"
            ],
            "source_service_accounts": null,
            "source_tags": null,
            "target_service_accounts": null,
            "target_tags": null,
            "timeouts": null
          },
          "sensitive_attributes": [],
          "private": "eyJlMmJmYjczMC1lY2FhLTExZTYtOGY4OC0zNDM2M2JjN2M0YzAiOnsiY3JlYXRlIjoyNDAwMDAwMDAwMDAsImRlbGV0ZSI6MjQwMDAwMDAwMDAwLCJ1cGRhdGUiOjI0MDAwMDAwMDAwMH0sInNjaGVtYV92ZXJzaW9uIjoiMSJ9"
        }
      ]
    },
    {
      "module": "module.jenkins_server",
      "mode": "managed",
      "type": "google_compute_instance",
      "name": "jenkins_instance",
      "provider": "provider[\"registry.terraform.io/hashicorp/google\"]",
      "instances": [
        {
          "schema_version": 6,
          "attributes": {
            "allow_stopping_for_update": null,
            "attached_disk": [],
            "boot_disk": [
              {
                "auto_delete": true,
                "device_name": "persistent-disk-0",
                "disk_encryption_key_raw": "",
                "disk_encryption_key_sha256": "",
                "initialize_params": [
                  {
                    "image": "https://www.googleapis.com/compute/v1/projects/ubuntu-os-cloud/global/images/ubuntu-minimal-2004-focal-v20210325",
                    "labels": {},
                    "size": 10,
                    "type": "pd-standard"
                  }
                ],
                "kms_key_self_link": "",
                "mode": "READ_WRITE",
                "source": "https://www.googleapis.com/compute/v1/projects/impacta-turma-4/zones/us-central1-a/disks/jenkins-server-qa"
              }
            ],
            "can_ip_forward": false,
            "confidential_instance_config": [],
            "cpu_platform": "AMD Rome",
            "current_status": "RUNNING",
            "deletion_protection": false,
            "description": "",
            "desired_status": null,
            "enable_display": false,
            "guest_accelerator": [],
            "hostname": "jenkins-server.impacta.com.br",
            "id": "projects/impacta-turma-4/zones/us-central1-a/instances/jenkins-server-qa",
            "instance_id": "910477097938498323",
            "label_fingerprint": "TctbHKt2m6w=",
            "labels": {
              "project": "iaac"
            },
            "machine_type": "e2-small",
            "metadata": {
              "ssh-keys": "ubuntu:ssh-rsa AAAAB3NzaC1yc2EAAAADAQABAAABgQC78HPenjKq47rXFmosDE6nbZNpbf55QQs6VS+PSjSGuftoGSArx3krFXpOEztPRyYWJmsurTKLilJ/U4D30AIVc183mk9IjR9563HUhK3EhY1FrOovTy2TKAzlYQx5Jnvlc1plOi5RmyAyQR1FvuWVhqfsiwu0j3qzSlRqnpeftN/hD59tOvd/oAcca4iQ79kvNxOOobxD1tfcon740/4+JaqKhyWkXfv4xZ+Yihro5cECqBE2LLVQDOejeTLDorRSzo6q8af8fi07Tq4ji+qhziWC8V/ZjuCfANSQBv20axRnfuPtgQERvrXWe9Js8Uilxd2n1utp94H7Bov1buV/k528XwXdB0ku/Ii/LjGTqCfN77dQJ+GPcqE7eWEpu8jCJ/XbQ8BacqNxx/EABAEpFT20+5S4uIcW22bqZrO3UuLeMVXUaeRFxKVSXrAbZCF6ASgKGIv+VWkN0jpevX7oemEr9mhHNOqJkaVm2XNvKbpaM01FOn2yyu9w0gyA/HM= vagrant@iaac-station\n"
            },
            "metadata_fingerprint": "F6gDyRzhyvI=",
            "metadata_startup_script": "#!/bin/bash\n\n\n# Instalando os subsistemas\n\n# Instalando o Java\napt-get update\napt install openjdk-11-jdk -y\n\n# Instalando o jenkins\nwget -q -O - https://pkg.jenkins.io/debian-stable/jenkins.io.key | apt-key add -\nsh -c 'echo deb https://pkg.jenkins.io/debian-stable binary/ \u003e /etc/apt/sources.list.d/jenkins.list'\napt-get update\napt-get install jenkins -y\nsystemctl start jenkins\n\n# Instalação do git\napt install git git-flow -y\n\n# Ansible\napt install ansible sshpass -y\npip3 install requests google-auth\nansible-galaxy collection install community.docker\n\n# Terraform\ncurl -fsSL https://apt.releases.hashicorp.com/gpg | sudo apt-key add -\necho \"deb [arch=$(dpkg --print-architecture)] https://apt.releases.hashicorp.com $(lsb_release -cs) main\" | tee /etc/apt/sources.list.d/terraform.list\napt update \u0026\u0026 apt install terraform -y\n\n# Gcloud\napt install apt-transport-https ca-certificates gnupg -y\necho \"deb https://packages.cloud.google.com/apt cloud-sdk main\" | tee -a /etc/apt/sources.list.d/google-cloud-sdk.list\ncurl https://packages.cloud.google.com/apt/doc/apt-key.gpg | apt-key add -\napt update \u0026\u0026 apt-get install google-cloud-sdk -y\napt install google-cloud-sdk-app-engine-java -y\n\n# Ansible + GCP\napt install python3-pip -y\npython3 -m pip install requests google-auth\n\n# Instalacao Docker\napt install docker.io -y\nsystemctl start docker\nsystemctl enable docker\nusermod -aG docker jenkins\n",
            "min_cpu_platform": "",
            "name": "jenkins-server-qa",
            "network_interface": [
              {
                "access_config": [
                  {
                    "nat_ip": "35.226.190.150",
                    "network_tier": "PREMIUM",
                    "public_ptr_domain_name": ""
                  }
                ],
                "alias_ip_range": [],
                "name": "nic0",
                "network": "https://www.googleapis.com/compute/v1/projects/impacta-turma-4/global/networks/default",
                "network_ip": "10.128.0.30",
                "nic_type": "",
                "subnetwork": "https://www.googleapis.com/compute/v1/projects/impacta-turma-4/regions/us-central1/subnetworks/default",
                "subnetwork_project": "impacta-turma-4"
              }
            ],
            "project": "impacta-turma-4",
            "resource_policies": null,
            "scheduling": [
              {
                "automatic_restart": true,
                "min_node_cpus": 0,
                "node_affinities": [],
                "on_host_maintenance": "MIGRATE",
                "preemptible": false
              }
            ],
            "scratch_disk": [],
            "self_link": "https://www.googleapis.com/compute/v1/projects/impacta-turma-4/zones/us-central1-a/instances/jenkins-server-qa",
            "service_account": [],
            "shielded_instance_config": [
              {
                "enable_integrity_monitoring": true,
                "enable_secure_boot": false,
                "enable_vtpm": true
              }
            ],
            "tags": null,
            "tags_fingerprint": "42WmSpB8rSM=",
            "timeouts": null,
            "zone": "us-central1-a"
          },
          "sensitive_attributes": [],
          "private": "eyJlMmJmYjczMC1lY2FhLTExZTYtOGY4OC0zNDM2M2JjN2M0YzAiOnsiY3JlYXRlIjoxMjAwMDAwMDAwMDAwLCJkZWxldGUiOjEyMDAwMDAwMDAwMDAsInVwZGF0ZSI6MTIwMDAwMDAwMDAwMH0sInNjaGVtYV92ZXJzaW9uIjoiNiJ9",
          "dependencies": [
            "module.jenkins_server.data.google_compute_image.jenkins_image",
            "module.jenkins_server.data.template_file.user_data"
          ]
        }
      ]
    }
  ]
}
